
Microsoft Visual Studio Solution File, Format Version 12.00
# Visual Studio Version 16
VisualStudioVersion = 16.0.30907.101
MinimumVisualStudioVersion = 10.0.40219.1
Project("{FAE04EC0-301F-11D3-BF4B-00C04F79EFBC}") = "SubnetCalculator", "SubnetCalculator\SubnetCalculator.csproj", "{6A7A7C71-45B7-4606-AEA5-7B6146B9A896}"
EndProject
Global
	GlobalSection(SolutionConfigurationPlatforms) = preSolution
		Debug|Any CPU = Debug|Any CPU
		Release|Any CPU = Release|Any CPU
	EndGlobalSection
	GlobalSection(ProjectConfigurationPlatforms) = postSolution
		{6A7A7C71-45B7-4606-AEA5-7B6146B9A896}.Debug|Any CPU.ActiveCfg = Debug|Any CPU
		{6A7A7C71-45B7-4606-AEA5-7B6146B9A896}.Debug|Any CPU.Build.0 = Debug|Any CPU
		{6A7A7C71-45B7-4606-AEA5-7B6146B9A896}.Release|Any CPU.ActiveCfg = Release|Any CPU
		{6A7A7C71-45B7-4606-AEA5-7B6146B9A896}.Release|Any CPU.Build.0 = Release|Any CPU
	EndGlobalSection
	GlobalSection(SolutionProperties) = preSolution
		HideSolutionNode = FALSE
	EndGlobalSection
	GlobalSection(ExtensibilityGlobals) = postSolution
		SolutionGuid = {BB0F49C9-8B76-4215-AD4B-E00B9C3978A6}
	EndGlobalSection
EndGlobal
